
Microsoft Visual Studio Solution File, Format Version 12.00
# Visual Studio Version 16
VisualStudioVersion = 16.0.30204.135
MinimumVisualStudioVersion = 10.0.40219.1
Project("{9A19103F-16F7-4668-BE54-9A1E7A4F7556}") = "dotgo.io", "dotgo.io\dotgo.io.csproj", "{49A3A580-0240-47D7-9B27-E223F5CE5417}"
EndProject
Project("{FAE04EC0-301F-11D3-BF4B-00C04F79EFBC}") = "dotgo", "dotgo\dotgo.csproj", "{77946B1A-4C59-4169-BBB9-506F4DBC2FA5}"
EndProject
Project("{FAE04EC0-301F-11D3-BF4B-00C04F79EFBC}") = "dotgo.os", "dotgo.os\dotgo.os.csproj", "{F17356CA-5D14-4AD3-A8FB-4F1672297E92}"
	ProjectSection(ProjectDependencies) = postProject
		{77946B1A-4C59-4169-BBB9-506F4DBC2FA5} = {77946B1A-4C59-4169-BBB9-506F4DBC2FA5}
		{49A3A580-0240-47D7-9B27-E223F5CE5417} = {49A3A580-0240-47D7-9B27-E223F5CE5417}
	EndProjectSection
EndProject
Global
	GlobalSection(SolutionConfigurationPlatforms) = preSolution
		Debug|Any CPU = Debug|Any CPU
		Release|Any CPU = Release|Any CPU
	EndGlobalSection
	GlobalSection(ProjectConfigurationPlatforms) = postSolution
		{49A3A580-0240-47D7-9B27-E223F5CE5417}.Debug|Any CPU.ActiveCfg = Debug|Any CPU
		{49A3A580-0240-47D7-9B27-E223F5CE5417}.Debug|Any CPU.Build.0 = Debug|Any CPU
		{49A3A580-0240-47D7-9B27-E223F5CE5417}.Release|Any CPU.ActiveCfg = Release|Any CPU
		{49A3A580-0240-47D7-9B27-E223F5CE5417}.Release|Any CPU.Build.0 = Release|Any CPU
		{77946B1A-4C59-4169-BBB9-506F4DBC2FA5}.Debug|Any CPU.ActiveCfg = Debug|Any CPU
		{77946B1A-4C59-4169-BBB9-506F4DBC2FA5}.Debug|Any CPU.Build.0 = Debug|Any CPU
		{77946B1A-4C59-4169-BBB9-506F4DBC2FA5}.Release|Any CPU.ActiveCfg = Release|Any CPU
		{77946B1A-4C59-4169-BBB9-506F4DBC2FA5}.Release|Any CPU.Build.0 = Release|Any CPU
		{F17356CA-5D14-4AD3-A8FB-4F1672297E92}.Debug|Any CPU.ActiveCfg = Debug|Any CPU
		{F17356CA-5D14-4AD3-A8FB-4F1672297E92}.Debug|Any CPU.Build.0 = Debug|Any CPU
		{F17356CA-5D14-4AD3-A8FB-4F1672297E92}.Release|Any CPU.ActiveCfg = Release|Any CPU
		{F17356CA-5D14-4AD3-A8FB-4F1672297E92}.Release|Any CPU.Build.0 = Release|Any CPU
	EndGlobalSection
	GlobalSection(SolutionProperties) = preSolution
		HideSolutionNode = FALSE
	EndGlobalSection
	GlobalSection(ExtensibilityGlobals) = postSolution
		SolutionGuid = {F4AB3D04-25A3-4110-A9FA-B164496CCD70}
	EndGlobalSection
EndGlobal
